
Microsoft Visual Studio Solution File, Format Version 12.00
# Visual Studio 15
Project("{FAE04EC0-301F-11D3-BF4B-00C04F79EFBC}") = "POOP App", "POOP App.csproj", "{BDCEB042-2FD9-446F-3291-62E3E3FFBFFE}"
EndProject
Project("{FAE04EC0-301F-11D3-BF4B-00C04F79EFBC}") = "POOP App.Editor", "POOP App.Editor.csproj", "{25B11596-8CF7-7F29-2FA1-11C4F86FB04A}"
EndProject
Global
	GlobalSection(SolutionConfigurationPlatforms) = preSolution
		Debug|Any CPU = Debug|Any CPU
		Release|Any CPU = Release|Any CPU
	EndGlobalSection
	GlobalSection(ProjectConfigurationPlatforms) = postSolution
		{BDCEB042-2FD9-446F-3291-62E3E3FFBFFE}.Debug|Any CPU.ActiveCfg = Debug|Any CPU
		{BDCEB042-2FD9-446F-3291-62E3E3FFBFFE}.Debug|Any CPU.Build.0 = Debug|Any CPU
		{BDCEB042-2FD9-446F-3291-62E3E3FFBFFE}.Release|Any CPU.ActiveCfg = Release|Any CPU
		{BDCEB042-2FD9-446F-3291-62E3E3FFBFFE}.Release|Any CPU.Build.0 = Release|Any CPU
		{25B11596-8CF7-7F29-2FA1-11C4F86FB04A}.Debug|Any CPU.ActiveCfg = Debug|Any CPU
		{25B11596-8CF7-7F29-2FA1-11C4F86FB04A}.Debug|Any CPU.Build.0 = Debug|Any CPU
		{25B11596-8CF7-7F29-2FA1-11C4F86FB04A}.Release|Any CPU.ActiveCfg = Release|Any CPU
		{25B11596-8CF7-7F29-2FA1-11C4F86FB04A}.Release|Any CPU.Build.0 = Release|Any CPU
	EndGlobalSection
	GlobalSection(SolutionProperties) = preSolution
		HideSolutionNode = FALSE
	EndGlobalSection
EndGlobal
