
Microsoft Visual Studio Solution File, Format Version 12.00
# Visual Studio 15
Project("{FAE04EC0-301F-11D3-BF4B-00C04F79EFBC}") = "Assembly-CSharp", "Assembly-CSharp.csproj", "{B272708C-A60D-68F8-BE3E-88A0B34089C6}"
EndProject
Project("{FAE04EC0-301F-11D3-BF4B-00C04F79EFBC}") = "Assembly-CSharp-Editor", "Assembly-CSharp-Editor.csproj", "{757B7C88-2672-3BAA-8A35-218F548FFBAD}"
EndProject
Global
	GlobalSection(SolutionConfigurationPlatforms) = preSolution
		Debug|Any CPU = Debug|Any CPU
		Release|Any CPU = Release|Any CPU
	EndGlobalSection
	GlobalSection(ProjectConfigurationPlatforms) = postSolution
		{B272708C-A60D-68F8-BE3E-88A0B34089C6}.Debug|Any CPU.ActiveCfg = Debug|Any CPU
		{B272708C-A60D-68F8-BE3E-88A0B34089C6}.Debug|Any CPU.Build.0 = Debug|Any CPU
		{B272708C-A60D-68F8-BE3E-88A0B34089C6}.Release|Any CPU.ActiveCfg = Release|Any CPU
		{B272708C-A60D-68F8-BE3E-88A0B34089C6}.Release|Any CPU.Build.0 = Release|Any CPU
		{757B7C88-2672-3BAA-8A35-218F548FFBAD}.Debug|Any CPU.ActiveCfg = Debug|Any CPU
		{757B7C88-2672-3BAA-8A35-218F548FFBAD}.Debug|Any CPU.Build.0 = Debug|Any CPU
		{757B7C88-2672-3BAA-8A35-218F548FFBAD}.Release|Any CPU.ActiveCfg = Release|Any CPU
		{757B7C88-2672-3BAA-8A35-218F548FFBAD}.Release|Any CPU.Build.0 = Release|Any CPU
	EndGlobalSection
	GlobalSection(SolutionProperties) = preSolution
		HideSolutionNode = FALSE
	EndGlobalSection
EndGlobal
