
Microsoft Visual Studio Solution File, Format Version 12.00
# Visual Studio 15
Project("{FAE04EC0-301F-11D3-BF4B-00C04F79EFBC}") = "Test 2D Project", "Test 2D Project.csproj", "{6D506308-413D-3B06-D362-64D6507EF019}"
EndProject
Project("{FAE04EC0-301F-11D3-BF4B-00C04F79EFBC}") = "Test 2D Project.Editor", "Test 2D Project.Editor.csproj", "{78B0EDA6-06F2-4408-B08F-7DA4603C0E7C}"
EndProject
Global
	GlobalSection(SolutionConfigurationPlatforms) = preSolution
		Debug|Any CPU = Debug|Any CPU
		Release|Any CPU = Release|Any CPU
	EndGlobalSection
	GlobalSection(ProjectConfigurationPlatforms) = postSolution
		{6D506308-413D-3B06-D362-64D6507EF019}.Debug|Any CPU.ActiveCfg = Debug|Any CPU
		{6D506308-413D-3B06-D362-64D6507EF019}.Debug|Any CPU.Build.0 = Debug|Any CPU
		{6D506308-413D-3B06-D362-64D6507EF019}.Release|Any CPU.ActiveCfg = Release|Any CPU
		{6D506308-413D-3B06-D362-64D6507EF019}.Release|Any CPU.Build.0 = Release|Any CPU
		{78B0EDA6-06F2-4408-B08F-7DA4603C0E7C}.Debug|Any CPU.ActiveCfg = Debug|Any CPU
		{78B0EDA6-06F2-4408-B08F-7DA4603C0E7C}.Debug|Any CPU.Build.0 = Debug|Any CPU
		{78B0EDA6-06F2-4408-B08F-7DA4603C0E7C}.Release|Any CPU.ActiveCfg = Release|Any CPU
		{78B0EDA6-06F2-4408-B08F-7DA4603C0E7C}.Release|Any CPU.Build.0 = Release|Any CPU
	EndGlobalSection
	GlobalSection(SolutionProperties) = preSolution
		HideSolutionNode = FALSE
	EndGlobalSection
EndGlobal
